# This file is @generated by PDM.
# It is not intended for manual editing.

[[package]]
name = "adafruit-blinka"
version = "8.10.0"
requires_python = ">=3.7.0"
summary = "CircuitPython APIs for non-CircuitPython versions of Python such as CPython on Linux and MicroPython."
dependencies = [
    "Adafruit-PlatformDetect>=3.13.0",
    "Adafruit-PureIO>=1.1.7",
    "adafruit-circuitpython-typing",
    "pyftdi>=0.40.0",
]

[[package]]
name = "adafruit-circuitpython-busdevice"
version = "5.2.3"
summary = "CircuitPython bus device classes to manage bus sharing."
dependencies = [
    "Adafruit-Blinka>=7.0.0",
    "adafruit-circuitpython-typing",
]

[[package]]
name = "adafruit-circuitpython-circuitplayground"
version = "5.3.0"
summary = "CircuitPython library for Circuit Playground Express"
dependencies = [
    "adafruit-circuitpython-lis3dh",
    "adafruit-circuitpython-neopixel",
    "adafruit-circuitpython-thermistor",
    "typing-extensions",
]

[[package]]
name = "adafruit-circuitpython-lis3dh"
version = "5.1.20"
summary = "CircuitPython library for LIS3DH accelerometer."
dependencies = [
    "Adafruit-Blinka",
    "adafruit-circuitpython-busdevice",
]

[[package]]
name = "adafruit-circuitpython-neopixel"
version = "6.3.7"
summary = "CircuitPython library for NeoPixel LEDs."
dependencies = [
    "Adafruit-Blinka",
    "adafruit-circuitpython-pixelbuf",
]

[[package]]
name = "adafruit-circuitpython-pixelbuf"
version = "2.0.0"
summary = "A pure Python implementation of adafruit_pixelbuf for smaller boards."
dependencies = [
    "Adafruit-Blinka",
]

[[package]]
name = "adafruit-circuitpython-requests"
version = "1.12.11"
summary = "A requests-like library for web interfacing"
dependencies = [
    "Adafruit-Blinka",
]

[[package]]
name = "adafruit-circuitpython-thermistor"
version = "3.4.7"
summary = "CircuitPython library for Thermistor thermal resistor temperature sensor."
dependencies = [
    "Adafruit-Blinka",
]

[[package]]
name = "adafruit-circuitpython-typing"
version = "1.8.3"
summary = "Types needed for type annotation that are not in `typing`"
dependencies = [
    "Adafruit-Blinka",
    "adafruit-circuitpython-busdevice",
    "adafruit-circuitpython-requests",
    "typing-extensions~=4.0",
]

[[package]]
name = "adafruit-platformdetect"
version = "3.38.0"
requires_python = ">=3.7.0"
summary = "Platform detection for use by libraries like Adafruit-Blinka."

[[package]]
name = "adafruit-pureio"
version = "1.1.9"
requires_python = ">=3.5.0"
summary = "Pure python (i.e. no native extensions) access to Linux IO    including I2C and SPI. Drop in replacement for smbus and spidev modules."

[[package]]
name = "circuitpython-stubs"
version = "7.3.3"
summary = "PEP 561 type stubs for CircuitPython"

[[package]]
name = "mypy"
version = "1.0.1"
requires_python = ">=3.7"
summary = "Optional static typing for Python"
dependencies = [
    "mypy-extensions>=0.4.3",
    "tomli>=1.1.0; python_version < \"3.11\"",
    "typing-extensions>=3.10",
]

[[package]]
name = "mypy-extensions"
version = "1.0.0"
requires_python = ">=3.5"
summary = "Type system extensions for programs checked with the mypy type checker."

[[package]]
name = "pyftdi"
version = "0.54.0"
requires_python = ">=3.7"
summary = "FTDI device driver (pure Python)"
dependencies = [
    "pyserial>=3.0",
    "pyusb!=1.2.0,>=1.0.0",
]

[[package]]
name = "pyserial"
version = "3.5"
summary = "Python Serial Port Extension"

[[package]]
name = "pyusb"
version = "1.2.1"
requires_python = ">=3.6.0"
summary = "Python USB access module"

[[package]]
name = "tomli"
version = "2.0.1"
requires_python = ">=3.7"
summary = "A lil' TOML parser"

[[package]]
name = "typing-extensions"
version = "4.4.0"
requires_python = ">=3.7"
summary = "Backported and Experimental Type Hints for Python 3.7+"

[metadata]
lock_version = "4.1"
content_hash = "sha256:5a9bb9fa8a289629f841de4f7ab0ad6e462f246d66c4fbdc59af8937ccaaa834"

[metadata.files]
"adafruit-blinka 8.10.0" = [
    {url = "https://files.pythonhosted.org/packages/60/29/5940bf83ed5f548aa7e792a45d9c6bc1ba50ea527f0e43f02fa72369b0e7/Adafruit-Blinka-8.10.0.tar.gz", hash = "sha256:2a2269c7ee9c975f768baca5e10c512a65e0ac98977edbed3f8f6d5a3a0dc411"},
    {url = "https://files.pythonhosted.org/packages/7e/f8/5415ff98d096b609ce1265a0975b08c0dd50dfb2a5d87da35ff6fa8764f7/Adafruit_Blinka-8.10.0-py3-none-any.whl", hash = "sha256:4b290aca7312cf4342eef225e857b58118b547b30da3561ee128165930a7b03e"},
]
"adafruit-circuitpython-busdevice 5.2.3" = [
    {url = "https://files.pythonhosted.org/packages/6c/52/815bdbfb4b1fa4103b90cd0cf5e0101dc06d396e0c106eadd6bfbb2f057f/adafruit-circuitpython-busdevice-5.2.3.tar.gz", hash = "sha256:faa572b613a0732de938ed008402dfb105d91adb5d0096bf2709f46669a94885"},
    {url = "https://files.pythonhosted.org/packages/c1/9d/e3e61ea5b2bc609a5a1c4c1da3830c42062c1743f78abd6e6cd827dbcbea/adafruit_circuitpython_busdevice-5.2.3-py3-none-any.whl", hash = "sha256:062d010b29ba814c764fbe3a693b7ebbd329b70a9fd5ebde40e0faa020e5fae7"},
]
"adafruit-circuitpython-circuitplayground 5.3.0" = [
    {url = "https://files.pythonhosted.org/packages/68/88/fbcdcd02c4638d1b2aa7c850a296f1d37db3636e9634bd691366ed2c0ad7/adafruit_circuitpython_circuitplayground-5.3.0-py3-none-any.whl", hash = "sha256:487c39493857c8bfea9be25a9cd2e2e9cbd217b6dbb0370f1472aa792b62da3f"},
    {url = "https://files.pythonhosted.org/packages/a9/17/ecf76259e1b29af90039bbd25b808ae1ec9edd3d3ad3896e0be2e8092343/adafruit-circuitpython-circuitplayground-5.3.0.tar.gz", hash = "sha256:39b91424c1ac7129170faa10a3be8c1cd22b513f24ea006899d3be27c328b574"},
]
"adafruit-circuitpython-lis3dh 5.1.20" = [
    {url = "https://files.pythonhosted.org/packages/17/ed/6d04b7bef72f85adb4825eb014a4a3671d41764a734bff9313d1d59509e9/adafruit_circuitpython_lis3dh-5.1.20-py3-none-any.whl", hash = "sha256:13fb46bcae67da8cf474d41a0a4a3fd8427c0bb8c6a9f1739b0a9060d222424c"},
    {url = "https://files.pythonhosted.org/packages/9c/de/bd2520fee7fe55a179b152e6ee8a26a2a0bd0a6c33584c8ad456d9f0be67/adafruit-circuitpython-lis3dh-5.1.20.tar.gz", hash = "sha256:50f64103a394e10cdba6b274c0cb8ac31837caf8d8a0690c8663bd9a2ac589a4"},
]
"adafruit-circuitpython-neopixel 6.3.7" = [
    {url = "https://files.pythonhosted.org/packages/af/d4/1d246c13d743c14dd63ea4cefe8e52fbb7ce6b5b54e818d4ef06c764117c/adafruit_circuitpython_neopixel-6.3.7-py3-none-any.whl", hash = "sha256:01c33fc34fa0f90b5dad311c593d9f755ba7f64250149a01ef7a67ae81a3e912"},
    {url = "https://files.pythonhosted.org/packages/d4/6c/44b3929830441a108ba45278329f6c9b161f7a8581cd2372e4b4ef0b9ffa/adafruit-circuitpython-neopixel-6.3.7.tar.gz", hash = "sha256:1feb4946cef0a2e46d9c5f3c19ce3743d2b43582c04bd3ff6d5cdcfdf0f549a0"},
]
"adafruit-circuitpython-pixelbuf 2.0.0" = [
    {url = "https://files.pythonhosted.org/packages/a3/64/7c2cd9f6c16f001659344fddf4d97c1d22d75a8c77383021882aaefec69d/adafruit_circuitpython_pixelbuf-2.0.0-py3-none-any.whl", hash = "sha256:e3ef8b038d6a710770c4109292f6e632da0b796813f584a1f0c93ea890ef7aa0"},
    {url = "https://files.pythonhosted.org/packages/ce/42/93e27d4d78e1cdb63ac45dec468c12c135217b8d4911c5e23666b472981a/adafruit-circuitpython-pixelbuf-2.0.0.tar.gz", hash = "sha256:78f5ff40a1719e530cbe7d9a3baa3885aadc3f980c2991bd5130a4f0d23d8b2a"},
]
"adafruit-circuitpython-requests 1.12.11" = [
    {url = "https://files.pythonhosted.org/packages/2e/7d/f68dd5e7503bff947c2edfddb0b9d9afef626d0bd5bbd8169e33d986aa45/adafruit-circuitpython-requests-1.12.11.tar.gz", hash = "sha256:48b69b11103ac9786d76dcc102085286b287d8879aaaaccaf4bec76bd3ca909d"},
    {url = "https://files.pythonhosted.org/packages/55/07/31fa22c385deec1f49ae8f18250bc9fce28fc547695b597a9d26f910858b/adafruit_circuitpython_requests-1.12.11-py3-none-any.whl", hash = "sha256:bba406ba713852a23fe3e2cd592de705f39fa32e8e527653798591a744b0481d"},
]
"adafruit-circuitpython-thermistor 3.4.7" = [
    {url = "https://files.pythonhosted.org/packages/81/af/45fd2dc86c5f92c6c243a9d53bd668b488689ea59118cb21b89219a34ff1/adafruit-circuitpython-thermistor-3.4.7.tar.gz", hash = "sha256:1f72c7b82eb1944a123cb81728a47e24a094ab3a25f34fb2f275537ef5080981"},
    {url = "https://files.pythonhosted.org/packages/86/cf/4deee029e965e3b3a1e4eae74d93fad96bbcee4f632092194d390d930da9/adafruit_circuitpython_thermistor-3.4.7-py3-none-any.whl", hash = "sha256:d9d74cfbe4e9bc7b6de52c05c0ea7d97e592ab7423d62ec5531487fb22e1cd2e"},
]
"adafruit-circuitpython-typing 1.8.3" = [
    {url = "https://files.pythonhosted.org/packages/10/23/d0046c67a2789c7e189deef2fcbadfafc83826be36b7bb23f80eca62b158/adafruit_circuitpython_typing-1.8.3-py3-none-any.whl", hash = "sha256:31d0b597235fb8a56e875f4588800b4b2ac59c00fd554540cbe7759586aa0622"},
    {url = "https://files.pythonhosted.org/packages/8a/f6/edbca0fe12e8a7bfa6026f420b09e6e541662040e62680eb98493803c87a/adafruit-circuitpython-typing-1.8.3.tar.gz", hash = "sha256:6c1c2db749a7daa1528548cb899397bf4793895c80ffe2a7ce0922ad3aeabf01"},
]
"adafruit-platformdetect 3.38.0" = [
    {url = "https://files.pythonhosted.org/packages/24/d4/a014cb705b3c182b18499f8dad52afed7e9a61099d44340ca0f793869d6c/Adafruit-PlatformDetect-3.38.0.tar.gz", hash = "sha256:5129ce7ff9f0b80c99a6fcbf717a50b6458a5cf2aed218f51c5c2896ba5e7103"},
]
"adafruit-pureio 1.1.9" = [
    {url = "https://files.pythonhosted.org/packages/df/ca/9162d4648669d12af16d5a66d808bdef6967eb684cbed9b1a3ebc19b361a/Adafruit_PureIO-1.1.9.tar.gz", hash = "sha256:2caf22fb07c7f771d83267f331a76cde314723f884a9570ea6f768730c87a879"},
]
"circuitpython-stubs 7.3.3" = [
    {url = "https://files.pythonhosted.org/packages/9c/e8/e9c31d9331b6ff553eb08213c448f186ed4e9d6ce812b0105ab0a1f200d6/circuitpython-stubs-7.3.3.tar.gz", hash = "sha256:515696bb6ef8126e6b4cdb8b299aba5babdbc45f432d42bab31cb18d5eb904c4"},
]
"mypy 1.0.1" = [
    {url = "https://files.pythonhosted.org/packages/0b/57/a81b17ef5cdc120f58d85ae36c01c8e2ad8e0aa5e7bf8d9f05f328f88fe7/mypy-1.0.1-cp310-cp310-macosx_10_9_x86_64.whl", hash = "sha256:71a808334d3f41ef011faa5a5cd8153606df5fc0b56de5b2e89566c8093a0c9a"},
    {url = "https://files.pythonhosted.org/packages/22/60/96c09a87708e0ce8278a72b9275fb518d12a61f5b7b207220f4a96105a4a/mypy-1.0.1-cp39-cp39-manylinux_2_17_x86_64.manylinux2014_x86_64.whl", hash = "sha256:5f546ac34093c6ce33f6278f7c88f0f147a4849386d3bf3ae193702f4fe31407"},
    {url = "https://files.pythonhosted.org/packages/27/2b/ebc13ecd6389ed1401f86f46bbb45737d68a08b28b2858ae66e865e2f784/mypy-1.0.1-cp311-cp311-macosx_11_0_arm64.whl", hash = "sha256:48525aec92b47baed9b3380371ab8ab6e63a5aab317347dfe9e55e02aaad22e8"},
    {url = "https://files.pythonhosted.org/packages/2f/61/e4c6c5ae462b0166b3b5f775e6a18f491aeb1d2fa8e062f226489f4479e1/mypy-1.0.1-cp39-cp39-macosx_10_9_x86_64.whl", hash = "sha256:24189f23dc66f83b839bd1cce2dfc356020dfc9a8bae03978477b15be61b062e"},
    {url = "https://files.pythonhosted.org/packages/30/1b/49a1cd7d9d917d3d8f324f5f3b670a75013840ba11e2da2414ad740f926a/mypy-1.0.1-cp38-cp38-manylinux_2_17_x86_64.manylinux2014_x86_64.whl", hash = "sha256:e831662208055b006eef68392a768ff83596035ffd6d846786578ba1714ba8f6"},
    {url = "https://files.pythonhosted.org/packages/38/8f/229d66559647bc718bddabfbd38e23e743821578cba10484da61794c1890/mypy-1.0.1-cp37-cp37m-musllinux_1_1_x86_64.whl", hash = "sha256:dbeb24514c4acbc78d205f85dd0e800f34062efcc1f4a4857c57e4b4b8712bff"},
    {url = "https://files.pythonhosted.org/packages/3b/33/ec5f800a4424e6591b3c32b04211e6bb2a5be6741231dc8751e3d30b9d82/mypy-1.0.1-cp310-cp310-win_amd64.whl", hash = "sha256:5deb252fd42a77add936b463033a59b8e48eb2eaec2976d76b6878d031933fe4"},
    {url = "https://files.pythonhosted.org/packages/3d/a5/c990246ef064250df59e257b79cdc3c98a8b48ab1d5b290f3d30cf5a96cb/mypy-1.0.1-cp39-cp39-musllinux_1_1_x86_64.whl", hash = "sha256:c6c2ccb7af7154673c591189c3687b013122c5a891bb5651eca3db8e6c6c55bd"},
    {url = "https://files.pythonhosted.org/packages/4f/01/fbf84b7785916a75c80ccffd70b708600376b606af3bab4993f7da2208af/mypy-1.0.1-cp311-cp311-manylinux_2_17_x86_64.manylinux2014_x86_64.whl", hash = "sha256:c96b8a0c019fe29040d520d9257d8c8f122a7343a8307bf8d6d4a43f5c5bfcc8"},
    {url = "https://files.pythonhosted.org/packages/52/56/afddb0a1654cf7f192419fbd9e46e01bceb11b1a6778a9d4257387f71dd8/mypy-1.0.1.tar.gz", hash = "sha256:28cea5a6392bb43d266782983b5a4216c25544cd7d80be681a155ddcdafd152d"},
    {url = "https://files.pythonhosted.org/packages/5b/a8/7ff8cd4125298a4677f30fefe00170eae41e540fa5d2bd48ef8dd18ab73d/mypy-1.0.1-cp38-cp38-macosx_11_0_arm64.whl", hash = "sha256:17455cda53eeee0a4adb6371a21dd3dbf465897de82843751cf822605d152c8c"},
    {url = "https://files.pythonhosted.org/packages/61/ff/b5ddba6cd41f18ac060a787bbebac7ff2165dec051739b9a0d9b3e17fe23/mypy-1.0.1-cp38-cp38-macosx_10_9_x86_64.whl", hash = "sha256:5bc8d6bd3b274dd3846597855d96d38d947aedba18776aa998a8d46fabdaed76"},
    {url = "https://files.pythonhosted.org/packages/65/be/db0af4d11c1043afdf07f2564290c07fea2c32899ecb34a101a745551ff2/mypy-1.0.1-cp37-cp37m-win_amd64.whl", hash = "sha256:a2948c40a7dd46c1c33765718936669dc1f628f134013b02ff5ac6c7ef6942bf"},
    {url = "https://files.pythonhosted.org/packages/66/7b/d4af6e5d6532c4b5354927c2eefa48da04ab82f34f685e736954f4f9948f/mypy-1.0.1-cp39-cp39-macosx_11_0_arm64.whl", hash = "sha256:93a85495fb13dc484251b4c1fd7a5ac370cd0d812bbfc3b39c1bafefe95275d5"},
    {url = "https://files.pythonhosted.org/packages/6d/d5/65656a6b35e1b814274262b8d67d02538320a8c1242fc3897c4156cf3361/mypy-1.0.1-cp37-cp37m-macosx_10_9_x86_64.whl", hash = "sha256:e64f48c6176e243ad015e995de05af7f22bbe370dbb5b32bd6988438ec873919"},
    {url = "https://files.pythonhosted.org/packages/7e/5a/ee6bc11f9b95cd4c7c058857e82ebcf8357b1aeb7e7a501d0af98f1bbc18/mypy-1.0.1-cp39-cp39-win_amd64.whl", hash = "sha256:15b5a824b58c7c822c51bc66308e759243c32631896743f030daf449fe3677f3"},
    {url = "https://files.pythonhosted.org/packages/83/cb/96b54fea903ec17dcd93dca935cb0dcdcaae396e9bcaff69b2adbabf8494/mypy-1.0.1-cp38-cp38-musllinux_1_1_x86_64.whl", hash = "sha256:e60d0b09f62ae97a94605c3f73fd952395286cf3e3b9e7b97f60b01ddfbbda88"},
    {url = "https://files.pythonhosted.org/packages/88/aa/94e45af5f45418eb4038d0264ac085c7426ea80b329f93df5e5b7485a0b5/mypy-1.0.1-cp310-cp310-manylinux_2_17_x86_64.manylinux2014_x86_64.whl", hash = "sha256:27a0f74a298769d9fdc8498fcb4f2beb86f0564bcdb1a37b58cbbe78e55cf8c0"},
    {url = "https://files.pythonhosted.org/packages/9c/c5/0c287ccb5a70b4fb37f3d3025dd6a0d12616bb041c76068c813c33933c00/mypy-1.0.1-cp311-cp311-musllinux_1_1_x86_64.whl", hash = "sha256:448de661536d270ce04f2d7dddaa49b2fdba6e3bd8a83212164d4174ff43aa65"},
    {url = "https://files.pythonhosted.org/packages/a0/05/1f956a8414970ad58b4e32a7d4ff19119b588728366dc628f2aca7868210/mypy-1.0.1-cp37-cp37m-manylinux_2_17_x86_64.manylinux2014_x86_64.whl", hash = "sha256:5fdd63e4f50e3538617887e9aee91855368d9fc1dea30da743837b0df7373bc4"},
    {url = "https://files.pythonhosted.org/packages/a0/cd/24ba78b3f3ea0daeb589e92692938bf7c098e3f21d6f495fbdef901bc40e/mypy-1.0.1-cp38-cp38-win_amd64.whl", hash = "sha256:0af4f0e20706aadf4e6f8f8dc5ab739089146b83fd53cb4a7e0e850ef3de0bb6"},
    {url = "https://files.pythonhosted.org/packages/a8/1c/b53620475d58a366d793c6b82e8d615ab38cd256937759949c905891da18/mypy-1.0.1-cp311-cp311-macosx_10_9_x86_64.whl", hash = "sha256:2013226d17f20468f34feddd6aae4635a55f79626549099354ce641bc7d40262"},
    {url = "https://files.pythonhosted.org/packages/b1/06/e851fb58910b71cca74eec7fe41d6812a17893eaefd9c35ddcaadbccd177/mypy-1.0.1-cp310-cp310-macosx_11_0_arm64.whl", hash = "sha256:920169f0184215eef19294fa86ea49ffd4635dedfdea2b57e45cb4ee85d5ccaf"},
    {url = "https://files.pythonhosted.org/packages/b1/c9/610cb9d81221b54596ad2d16fa873ea425227043b5b22ab09a0b27486af2/mypy-1.0.1-cp311-cp311-win_amd64.whl", hash = "sha256:d42a98e76070a365a1d1c220fcac8aa4ada12ae0db679cb4d910fabefc88b994"},
    {url = "https://files.pythonhosted.org/packages/d1/95/fa68816abbbc48f0ef213490cc4445e30365831576fb9427fd99fa771e6e/mypy-1.0.1-py3-none-any.whl", hash = "sha256:eda5c8b9949ed411ff752b9a01adda31afe7eae1e53e946dbdf9db23865e66c4"},
    {url = "https://files.pythonhosted.org/packages/ea/5b/39221b3e2eb104529867617a993a842e39aa240b43bc39f3a48302915f5f/mypy-1.0.1-cp310-cp310-musllinux_1_1_x86_64.whl", hash = "sha256:65b122a993d9c81ea0bfde7689b3365318a88bde952e4dfa1b3a8b4ac05d168b"},
]
"mypy-extensions 1.0.0" = [
    {url = "https://files.pythonhosted.org/packages/2a/e2/5d3f6ada4297caebe1a2add3b126fe800c96f56dbe5d1988a2cbe0b267aa/mypy_extensions-1.0.0-py3-none-any.whl", hash = "sha256:4392f6c0eb8a5668a69e23d168ffa70f0be9ccfd32b5cc2d26a34ae5b844552d"},
    {url = "https://files.pythonhosted.org/packages/98/a4/1ab47638b92648243faf97a5aeb6ea83059cc3624972ab6b8d2316078d3f/mypy_extensions-1.0.0.tar.gz", hash = "sha256:75dbf8955dc00442a438fc4d0666508a9a97b6bd41aa2f0ffe9d2f2725af0782"},
]
"pyftdi 0.54.0" = [
    {url = "https://files.pythonhosted.org/packages/17/ce/a97811c3e7e2d5a9520b88801dcc70ac1b553ed31b9819b2fce14ffa9aa3/pyftdi-0.54.0-py3-none-any.whl", hash = "sha256:112f16ee5b2a2becb8f8df9dd40b3bba007589f34e7613024122d94bd56eb7d7"},
    {url = "https://files.pythonhosted.org/packages/49/a3/6cd09c0493662b285b2ba87a08b1378a5b13e5cab44eb6a3f740c801c804/pyftdi-0.54.0.tar.gz", hash = "sha256:8df9af22077d17533d2f95b508b1d87959877627ea5dc2369056e90a3b5a232d"},
]
"pyserial 3.5" = [
    {url = "https://files.pythonhosted.org/packages/07/bc/587a445451b253b285629263eb51c2d8e9bcea4fc97826266d186f96f558/pyserial-3.5-py2.py3-none-any.whl", hash = "sha256:c4451db6ba391ca6ca299fb3ec7bae67a5c55dde170964c7a14ceefec02f2cf0"},
    {url = "https://files.pythonhosted.org/packages/1e/7d/ae3f0a63f41e4d2f6cb66a5b57197850f919f59e558159a4dd3a818f5082/pyserial-3.5.tar.gz", hash = "sha256:3c77e014170dfffbd816e6ffc205e9842efb10be9f58ec16d3e8675b4925cddb"},
]
"pyusb 1.2.1" = [
    {url = "https://files.pythonhosted.org/packages/15/a8/4982498b2ab44d1fcd5c49f07ea3795eab01601dc143b009d333fcace3b9/pyusb-1.2.1-py3-none-any.whl", hash = "sha256:2b4c7cb86dbadf044dfb9d3a4ff69fd217013dbe78a792177a3feb172449ea36"},
    {url = "https://files.pythonhosted.org/packages/d9/6e/433a5614132576289b8643fe598dd5d51b16e130fd591564be952e15bb45/pyusb-1.2.1.tar.gz", hash = "sha256:a4cc7404a203144754164b8b40994e2849fde1cfff06b08492f12fff9d9de7b9"},
]
"tomli 2.0.1" = [
    {url = "https://files.pythonhosted.org/packages/97/75/10a9ebee3fd790d20926a90a2547f0bf78f371b2f13aa822c759680ca7b9/tomli-2.0.1-py3-none-any.whl", hash = "sha256:939de3e7a6161af0c887ef91b7d41a53e7c5a1ca976325f429cb46ea9bc30ecc"},
    {url = "https://files.pythonhosted.org/packages/c0/3f/d7af728f075fb08564c5949a9c95e44352e23dee646869fa104a3b2060a3/tomli-2.0.1.tar.gz", hash = "sha256:de526c12914f0c550d15924c62d72abc48d6fe7364aa87328337a31007fe8a4f"},
]
"typing-extensions 4.4.0" = [
    {url = "https://files.pythonhosted.org/packages/0b/8e/f1a0a5a76cfef77e1eb6004cb49e5f8d72634da638420b9ea492ce8305e8/typing_extensions-4.4.0-py3-none-any.whl", hash = "sha256:16fa4864408f655d35ec496218b85f79b3437c829e93320c7c9215ccfd92489e"},
    {url = "https://files.pythonhosted.org/packages/e3/a7/8f4e456ef0adac43f452efc2d0e4b242ab831297f1bac60ac815d37eb9cf/typing_extensions-4.4.0.tar.gz", hash = "sha256:1511434bb92bf8dd198c12b1cc812e800d4181cfcb867674e0f8279cc93087aa"},
]
